PODS:
  - Flutter (1.0.0)
  - reactive_router (0.0.1):
    - Flutter

DEPENDENCIES:
  - Flutter (from `Flutter`)
  - reactive_router (from `.symlinks/plugins/reactive_router/ios`)

EXTERNAL SOURCES:
  Flutter:
    :path: Flutter
  reactive_router:
    :path: ".symlinks/plugins/reactive_router/ios"

SPEC CHECKSUMS:
  Flutter: 434fef37c0980e73bb6479ef766c45957d4b510c
  reactive_router: 3f36f10218a7eb98850abe6a240d116f3b222f50

PODFILE CHECKSUM: aafe91acc616949ddb318b77800a7f51bffa2a4c

COCOAPODS: 1.10.1
